
Microsoft Visual Studio Solution File, Format Version 12.00
# Visual Studio Version 17
VisualStudioVersion = 17.8.34330.188
MinimumVisualStudioVersion = 10.0.40219.1
Project("{FAE04EC0-301F-11D3-BF4B-00C04F79EFBC}") = "sophieBeautyApi", "sophieBeautyApi\sophieBeautyApi.csproj", "{08A05FBE-9D6D-4B6E-8000-CB261E5FC4F1}"
EndProject
Project("{FAE04EC0-301F-11D3-BF4B-00C04F79EFBC}") = "SophieBeautyApi.Tests", "SophieBeautyApi.Tests\SophieBeautyApi.Tests.csproj", "{687E5210-FC04-4039-AB80-DEA2338C345F}"
EndProject
Global
	GlobalSection(SolutionConfigurationPlatforms) = preSolution
		Debug|Any CPU = Debug|Any CPU
		Debug|x64 = Debug|x64
		Debug|x86 = Debug|x86
		Release|Any CPU = Release|Any CPU
		Release|x64 = Release|x64
		Release|x86 = Release|x86
	EndGlobalSection
	GlobalSection(ProjectConfigurationPlatforms) = postSolution
		{08A05FBE-9D6D-4B6E-8000-CB261E5FC4F1}.Debug|Any CPU.ActiveCfg = Debug|Any CPU
		{08A05FBE-9D6D-4B6E-8000-CB261E5FC4F1}.Debug|Any CPU.Build.0 = Debug|Any CPU
		{08A05FBE-9D6D-4B6E-8000-CB261E5FC4F1}.Debug|x64.ActiveCfg = Debug|Any CPU
		{08A05FBE-9D6D-4B6E-8000-CB261E5FC4F1}.Debug|x64.Build.0 = Debug|Any CPU
		{08A05FBE-9D6D-4B6E-8000-CB261E5FC4F1}.Debug|x86.ActiveCfg = Debug|Any CPU
		{08A05FBE-9D6D-4B6E-8000-CB261E5FC4F1}.Debug|x86.Build.0 = Debug|Any CPU
		{08A05FBE-9D6D-4B6E-8000-CB261E5FC4F1}.Release|Any CPU.ActiveCfg = Release|Any CPU
		{08A05FBE-9D6D-4B6E-8000-CB261E5FC4F1}.Release|Any CPU.Build.0 = Release|Any CPU
		{08A05FBE-9D6D-4B6E-8000-CB261E5FC4F1}.Release|x64.ActiveCfg = Release|Any CPU
		{08A05FBE-9D6D-4B6E-8000-CB261E5FC4F1}.Release|x64.Build.0 = Release|Any CPU
		{08A05FBE-9D6D-4B6E-8000-CB261E5FC4F1}.Release|x86.ActiveCfg = Release|Any CPU
		{08A05FBE-9D6D-4B6E-8000-CB261E5FC4F1}.Release|x86.Build.0 = Release|Any CPU
		{687E5210-FC04-4039-AB80-DEA2338C345F}.Debug|Any CPU.ActiveCfg = Debug|Any CPU
		{687E5210-FC04-4039-AB80-DEA2338C345F}.Debug|Any CPU.Build.0 = Debug|Any CPU
		{687E5210-FC04-4039-AB80-DEA2338C345F}.Debug|x64.ActiveCfg = Debug|Any CPU
		{687E5210-FC04-4039-AB80-DEA2338C345F}.Debug|x64.Build.0 = Debug|Any CPU
		{687E5210-FC04-4039-AB80-DEA2338C345F}.Debug|x86.ActiveCfg = Debug|Any CPU
		{687E5210-FC04-4039-AB80-DEA2338C345F}.Debug|x86.Build.0 = Debug|Any CPU
		{687E5210-FC04-4039-AB80-DEA2338C345F}.Release|Any CPU.ActiveCfg = Release|Any CPU
		{687E5210-FC04-4039-AB80-DEA2338C345F}.Release|Any CPU.Build.0 = Release|Any CPU
		{687E5210-FC04-4039-AB80-DEA2338C345F}.Release|x64.ActiveCfg = Release|Any CPU
		{687E5210-FC04-4039-AB80-DEA2338C345F}.Release|x64.Build.0 = Release|Any CPU
		{687E5210-FC04-4039-AB80-DEA2338C345F}.Release|x86.ActiveCfg = Release|Any CPU
		{687E5210-FC04-4039-AB80-DEA2338C345F}.Release|x86.Build.0 = Release|Any CPU
	EndGlobalSection
	GlobalSection(SolutionProperties) = preSolution
		HideSolutionNode = FALSE
	EndGlobalSection
	GlobalSection(ExtensibilityGlobals) = postSolution
		SolutionGuid = {B4204D94-B994-4450-8B86-5C55DAE7DC42}
	EndGlobalSection
EndGlobal
